
Microsoft Visual Studio Solution File, Format Version 12.00
# Visual Studio 14
VisualStudioVersion = 14.0.24720.0
MinimumVisualStudioVersion = 10.0.40219.1
Project("{FAE04EC0-301F-11D3-BF4B-00C04F79EFBC}") = "McF.Contracts", "..\McF.Contracts\McF.Contracts.csproj", "{E75B8F2B-14D3-4008-B2EA-801686552452}"
EndProject
Project("{FAE04EC0-301F-11D3-BF4B-00C04F79EFBC}") = "McF.DataAccess", "..\McF.DataAccess\McF.DataAccess.csproj", "{D1D2825C-ADD2-4A03-B3DA-53B055703231}"
EndProject
Project("{FAE04EC0-301F-11D3-BF4B-00C04F79EFBC}") = "McF.Common", "..\McF.Common\McF.Common.csproj", "{C94EAF40-9271-4A75-B6DA-387FDC7326D1}"
EndProject
Project("{FAE04EC0-301F-11D3-BF4B-00C04F79EFBC}") = "McF.Business", "..\McF.Business\McF.Business.csproj", "{45BB1E84-C693-4D7A-8A72-B9B1DB27AA5D}"
EndProject
Project("{FAE04EC0-301F-11D3-BF4B-00C04F79EFBC}") = "McF.JobService", "..\MCFJobService\McF.JobService.csproj", "{A433964D-9931-4CA0-8E8F-68E758A9B59E}"
EndProject
Project("{FAE04EC0-301F-11D3-BF4B-00C04F79EFBC}") = "DTNJob", "..\DTNJob\DTNJob.csproj", "{C79E98F8-2653-4334-A93D-15DA81B49A2B}"
EndProject
Project("{FAE04EC0-301F-11D3-BF4B-00C04F79EFBC}") = "EthanolJob", "EthanolJob\EthanolJob.csproj", "{034B9908-A856-4768-ADDD-0092AF3EF9F0}"
EndProject
Project("{FAE04EC0-301F-11D3-BF4B-00C04F79EFBC}") = "USWeeklyJob", "USWeeklyJob\USWeeklyJob.csproj", "{94D63661-1E34-4314-B074-9D0A8A1F9DB3}"
EndProject
Project("{FAE04EC0-301F-11D3-BF4B-00C04F79EFBC}") = "COTJob", "COTJob\COTJob.csproj", "{46264B59-4155-43BF-9C2A-0B0E0390E16D}"
EndProject
Project("{FAE04EC0-301F-11D3-BF4B-00C04F79EFBC}") = "CROPJob", "..\CROPJob\CROPJob.csproj", "{6647D267-AF41-41B0-920A-B2CFEE8E9F1D}"
EndProject
Project("{FAE04EC0-301F-11D3-BF4B-00C04F79EFBC}") = "McKeanyServiceTest", "McKeanyServiceTest\McKeanyServiceTest.csproj", "{6E167830-6454-4366-B399-9F911D440344}"
EndProject
Project("{FAE04EC0-301F-11D3-BF4B-00C04F79EFBC}") = "McF.Web", "..\Mcf.Web\McF.Web.csproj", "{50CED462-9D40-4254-8957-9F40F7B786E7}"
EndProject
Project("{FAE04EC0-301F-11D3-BF4B-00C04F79EFBC}") = "FatsAndOils", "FatsAndOils\FatsAndOils.csproj", "{302FFB02-0BD4-438C-805C-5D801E19B79A}"
EndProject
Project("{FAE04EC0-301F-11D3-BF4B-00C04F79EFBC}") = "CattleOnFeedJob", "..\CattleOnFeedJob\CattleOnFeedJob.csproj", "{880C6851-D2CF-4610-BA48-5AA851463C2C}"
EndProject
Project("{FAE04EC0-301F-11D3-BF4B-00C04F79EFBC}") = "ChickenEggsJob", "..\ChickenEggsJob\ChickenEggsJob.csproj", "{AF451426-3941-495E-83E3-A19449FC215B}"
EndProject
Project("{FAE04EC0-301F-11D3-BF4B-00C04F79EFBC}") = "HogsPigsJob", "..\HogsandPigsJob\HogsPigsJob.csproj", "{537954DE-4DF1-4E37-986D-0865827E3BC9}"
EndProject
Project("{FAE04EC0-301F-11D3-BF4B-00C04F79EFBC}") = "BHJob", "..\BHJob\BHJob.csproj", "{6E434DF8-B8A0-41E3-AD9C-70F461329410}"
EndProject
Project("{FAE04EC0-301F-11D3-BF4B-00C04F79EFBC}") = "McKeany", "McKeany.csproj", "{A33C1758-609B-42B5-8EEA-B4A8577C2CAF}"
EndProject
Project("{FAE04EC0-301F-11D3-BF4B-00C04F79EFBC}") = "SugarJob", "..\SugarJob\SugarJob.csproj", "{11A5BF7E-D30C-4ADD-BFF3-2E58B54F1FF6}"
EndProject
Project("{FAE04EC0-301F-11D3-BF4B-00C04F79EFBC}") = "SweetnerJob", "..\SweetnerJob\SweetnerJob.csproj", "{C70F06A3-4AE6-49F9-B435-C9B1188D33D9}"
EndProject
Project("{FAE04EC0-301F-11D3-BF4B-00C04F79EFBC}") = "WasdeJob", "..\WASDEJob\WasdeJob.csproj", "{91CF9834-5F0B-4E15-AA6C-3072BD783631}"
EndProject
Global
	GlobalSection(SolutionConfigurationPlatforms) = preSolution
		Debug|Any CPU = Debug|Any CPU
		Release|Any CPU = Release|Any CPU
	EndGlobalSection
	GlobalSection(ProjectConfigurationPlatforms) = postSolution
		{E75B8F2B-14D3-4008-B2EA-801686552452}.Debug|Any CPU.ActiveCfg = Debug|Any CPU
		{E75B8F2B-14D3-4008-B2EA-801686552452}.Debug|Any CPU.Build.0 = Debug|Any CPU
		{E75B8F2B-14D3-4008-B2EA-801686552452}.Release|Any CPU.ActiveCfg = Release|Any CPU
		{E75B8F2B-14D3-4008-B2EA-801686552452}.Release|Any CPU.Build.0 = Release|Any CPU
		{D1D2825C-ADD2-4A03-B3DA-53B055703231}.Debug|Any CPU.ActiveCfg = Debug|Any CPU
		{D1D2825C-ADD2-4A03-B3DA-53B055703231}.Debug|Any CPU.Build.0 = Debug|Any CPU
		{D1D2825C-ADD2-4A03-B3DA-53B055703231}.Release|Any CPU.ActiveCfg = Release|Any CPU
		{D1D2825C-ADD2-4A03-B3DA-53B055703231}.Release|Any CPU.Build.0 = Release|Any CPU
		{C94EAF40-9271-4A75-B6DA-387FDC7326D1}.Debug|Any CPU.ActiveCfg = Debug|Any CPU
		{C94EAF40-9271-4A75-B6DA-387FDC7326D1}.Debug|Any CPU.Build.0 = Debug|Any CPU
		{C94EAF40-9271-4A75-B6DA-387FDC7326D1}.Release|Any CPU.ActiveCfg = Release|Any CPU
		{C94EAF40-9271-4A75-B6DA-387FDC7326D1}.Release|Any CPU.Build.0 = Release|Any CPU
		{45BB1E84-C693-4D7A-8A72-B9B1DB27AA5D}.Debug|Any CPU.ActiveCfg = Debug|Any CPU
		{45BB1E84-C693-4D7A-8A72-B9B1DB27AA5D}.Debug|Any CPU.Build.0 = Debug|Any CPU
		{45BB1E84-C693-4D7A-8A72-B9B1DB27AA5D}.Release|Any CPU.ActiveCfg = Release|Any CPU
		{45BB1E84-C693-4D7A-8A72-B9B1DB27AA5D}.Release|Any CPU.Build.0 = Release|Any CPU
		{A433964D-9931-4CA0-8E8F-68E758A9B59E}.Debug|Any CPU.ActiveCfg = Debug|Any CPU
		{A433964D-9931-4CA0-8E8F-68E758A9B59E}.Debug|Any CPU.Build.0 = Debug|Any CPU
		{A433964D-9931-4CA0-8E8F-68E758A9B59E}.Release|Any CPU.ActiveCfg = Release|Any CPU
		{A433964D-9931-4CA0-8E8F-68E758A9B59E}.Release|Any CPU.Build.0 = Release|Any CPU
		{C79E98F8-2653-4334-A93D-15DA81B49A2B}.Debug|Any CPU.ActiveCfg = Debug|Any CPU
		{C79E98F8-2653-4334-A93D-15DA81B49A2B}.Debug|Any CPU.Build.0 = Debug|Any CPU
		{C79E98F8-2653-4334-A93D-15DA81B49A2B}.Release|Any CPU.ActiveCfg = Release|Any CPU
		{C79E98F8-2653-4334-A93D-15DA81B49A2B}.Release|Any CPU.Build.0 = Release|Any CPU
		{034B9908-A856-4768-ADDD-0092AF3EF9F0}.Debug|Any CPU.ActiveCfg = Debug|Any CPU
		{034B9908-A856-4768-ADDD-0092AF3EF9F0}.Debug|Any CPU.Build.0 = Debug|Any CPU
		{034B9908-A856-4768-ADDD-0092AF3EF9F0}.Release|Any CPU.ActiveCfg = Release|Any CPU
		{034B9908-A856-4768-ADDD-0092AF3EF9F0}.Release|Any CPU.Build.0 = Release|Any CPU
		{94D63661-1E34-4314-B074-9D0A8A1F9DB3}.Debug|Any CPU.ActiveCfg = Debug|Any CPU
		{94D63661-1E34-4314-B074-9D0A8A1F9DB3}.Debug|Any CPU.Build.0 = Debug|Any CPU
		{94D63661-1E34-4314-B074-9D0A8A1F9DB3}.Release|Any CPU.ActiveCfg = Release|Any CPU
		{94D63661-1E34-4314-B074-9D0A8A1F9DB3}.Release|Any CPU.Build.0 = Release|Any CPU
		{46264B59-4155-43BF-9C2A-0B0E0390E16D}.Debug|Any CPU.ActiveCfg = Debug|Any CPU
		{46264B59-4155-43BF-9C2A-0B0E0390E16D}.Debug|Any CPU.Build.0 = Debug|Any CPU
		{46264B59-4155-43BF-9C2A-0B0E0390E16D}.Release|Any CPU.ActiveCfg = Release|Any CPU
		{46264B59-4155-43BF-9C2A-0B0E0390E16D}.Release|Any CPU.Build.0 = Release|Any CPU
		{6647D267-AF41-41B0-920A-B2CFEE8E9F1D}.Debug|Any CPU.ActiveCfg = Debug|Any CPU
		{6647D267-AF41-41B0-920A-B2CFEE8E9F1D}.Debug|Any CPU.Build.0 = Debug|Any CPU
		{6647D267-AF41-41B0-920A-B2CFEE8E9F1D}.Release|Any CPU.ActiveCfg = Release|Any CPU
		{6647D267-AF41-41B0-920A-B2CFEE8E9F1D}.Release|Any CPU.Build.0 = Release|Any CPU
		{6E167830-6454-4366-B399-9F911D440344}.Debug|Any CPU.ActiveCfg = Debug|Any CPU
		{6E167830-6454-4366-B399-9F911D440344}.Debug|Any CPU.Build.0 = Debug|Any CPU
		{6E167830-6454-4366-B399-9F911D440344}.Release|Any CPU.ActiveCfg = Release|Any CPU
		{6E167830-6454-4366-B399-9F911D440344}.Release|Any CPU.Build.0 = Release|Any CPU
		{50CED462-9D40-4254-8957-9F40F7B786E7}.Debug|Any CPU.ActiveCfg = Debug|Any CPU
		{50CED462-9D40-4254-8957-9F40F7B786E7}.Debug|Any CPU.Build.0 = Debug|Any CPU
		{50CED462-9D40-4254-8957-9F40F7B786E7}.Release|Any CPU.ActiveCfg = Release|Any CPU
		{50CED462-9D40-4254-8957-9F40F7B786E7}.Release|Any CPU.Build.0 = Release|Any CPU
		{302FFB02-0BD4-438C-805C-5D801E19B79A}.Debug|Any CPU.ActiveCfg = Debug|Any CPU
		{302FFB02-0BD4-438C-805C-5D801E19B79A}.Debug|Any CPU.Build.0 = Debug|Any CPU
		{302FFB02-0BD4-438C-805C-5D801E19B79A}.Release|Any CPU.ActiveCfg = Release|Any CPU
		{302FFB02-0BD4-438C-805C-5D801E19B79A}.Release|Any CPU.Build.0 = Release|Any CPU
		{880C6851-D2CF-4610-BA48-5AA851463C2C}.Debug|Any CPU.ActiveCfg = Debug|Any CPU
		{880C6851-D2CF-4610-BA48-5AA851463C2C}.Debug|Any CPU.Build.0 = Debug|Any CPU
		{880C6851-D2CF-4610-BA48-5AA851463C2C}.Release|Any CPU.ActiveCfg = Release|Any CPU
		{880C6851-D2CF-4610-BA48-5AA851463C2C}.Release|Any CPU.Build.0 = Release|Any CPU
		{AF451426-3941-495E-83E3-A19449FC215B}.Debug|Any CPU.ActiveCfg = Debug|Any CPU
		{AF451426-3941-495E-83E3-A19449FC215B}.Debug|Any CPU.Build.0 = Debug|Any CPU
		{AF451426-3941-495E-83E3-A19449FC215B}.Release|Any CPU.ActiveCfg = Release|Any CPU
		{AF451426-3941-495E-83E3-A19449FC215B}.Release|Any CPU.Build.0 = Release|Any CPU
		{537954DE-4DF1-4E37-986D-0865827E3BC9}.Debug|Any CPU.ActiveCfg = Debug|Any CPU
		{537954DE-4DF1-4E37-986D-0865827E3BC9}.Debug|Any CPU.Build.0 = Debug|Any CPU
		{537954DE-4DF1-4E37-986D-0865827E3BC9}.Release|Any CPU.ActiveCfg = Release|Any CPU
		{537954DE-4DF1-4E37-986D-0865827E3BC9}.Release|Any CPU.Build.0 = Release|Any CPU
		{6E434DF8-B8A0-41E3-AD9C-70F461329410}.Debug|Any CPU.ActiveCfg = Debug|Any CPU
		{6E434DF8-B8A0-41E3-AD9C-70F461329410}.Debug|Any CPU.Build.0 = Debug|Any CPU
		{6E434DF8-B8A0-41E3-AD9C-70F461329410}.Release|Any CPU.ActiveCfg = Release|Any CPU
		{6E434DF8-B8A0-41E3-AD9C-70F461329410}.Release|Any CPU.Build.0 = Release|Any CPU
		{A33C1758-609B-42B5-8EEA-B4A8577C2CAF}.Debug|Any CPU.ActiveCfg = Debug|Any CPU
		{A33C1758-609B-42B5-8EEA-B4A8577C2CAF}.Debug|Any CPU.Build.0 = Debug|Any CPU
		{A33C1758-609B-42B5-8EEA-B4A8577C2CAF}.Release|Any CPU.ActiveCfg = Release|Any CPU
		{A33C1758-609B-42B5-8EEA-B4A8577C2CAF}.Release|Any CPU.Build.0 = Release|Any CPU
		{11A5BF7E-D30C-4ADD-BFF3-2E58B54F1FF6}.Debug|Any CPU.ActiveCfg = Debug|Any CPU
		{11A5BF7E-D30C-4ADD-BFF3-2E58B54F1FF6}.Debug|Any CPU.Build.0 = Debug|Any CPU
		{11A5BF7E-D30C-4ADD-BFF3-2E58B54F1FF6}.Release|Any CPU.ActiveCfg = Release|Any CPU
		{11A5BF7E-D30C-4ADD-BFF3-2E58B54F1FF6}.Release|Any CPU.Build.0 = Release|Any CPU
		{C70F06A3-4AE6-49F9-B435-C9B1188D33D9}.Debug|Any CPU.ActiveCfg = Debug|Any CPU
		{C70F06A3-4AE6-49F9-B435-C9B1188D33D9}.Debug|Any CPU.Build.0 = Debug|Any CPU
		{C70F06A3-4AE6-49F9-B435-C9B1188D33D9}.Release|Any CPU.ActiveCfg = Release|Any CPU
		{C70F06A3-4AE6-49F9-B435-C9B1188D33D9}.Release|Any CPU.Build.0 = Release|Any CPU
		{91CF9834-5F0B-4E15-AA6C-3072BD783631}.Debug|Any CPU.ActiveCfg = Debug|Any CPU
		{91CF9834-5F0B-4E15-AA6C-3072BD783631}.Debug|Any CPU.Build.0 = Debug|Any CPU
		{91CF9834-5F0B-4E15-AA6C-3072BD783631}.Release|Any CPU.ActiveCfg = Release|Any CPU
		{91CF9834-5F0B-4E15-AA6C-3072BD783631}.Release|Any CPU.Build.0 = Release|Any CPU
	EndGlobalSection
	GlobalSection(SolutionProperties) = preSolution
		HideSolutionNode = FALSE
	EndGlobalSection
EndGlobal
